
Microsoft Visual Studio Solution File, Format Version 12.00
# Visual Studio Version 16
VisualStudioVersion = 16.0.30011.22
MinimumVisualStudioVersion = 10.0.40219.1
Project("{FAE04EC0-301F-11D3-BF4B-00C04F79EFBC}") = "SodaMachine", "SodaMachine\SodaMachine.csproj", "{3215CF2E-BA0F-48B7-9F48-51569F0FA526}"
EndProject
Global
	GlobalSection(SolutionConfigurationPlatforms) = preSolution
		Debug|Any CPU = Debug|Any CPU
		Release|Any CPU = Release|Any CPU
	EndGlobalSection
	GlobalSection(ProjectConfigurationPlatforms) = postSolution
		{3215CF2E-BA0F-48B7-9F48-51569F0FA526}.Debug|Any CPU.ActiveCfg = Debug|Any CPU
		{3215CF2E-BA0F-48B7-9F48-51569F0FA526}.Debug|Any CPU.Build.0 = Debug|Any CPU
		{3215CF2E-BA0F-48B7-9F48-51569F0FA526}.Release|Any CPU.ActiveCfg = Release|Any CPU
		{3215CF2E-BA0F-48B7-9F48-51569F0FA526}.Release|Any CPU.Build.0 = Release|Any CPU
	EndGlobalSection
	GlobalSection(SolutionProperties) = preSolution
		HideSolutionNode = FALSE
	EndGlobalSection
	GlobalSection(ExtensibilityGlobals) = postSolution
		SolutionGuid = {6C9F2F75-2D5B-408A-BE3A-0B13DC0DD195}
	EndGlobalSection
EndGlobal
